{
    "_readme": [
        "This file locks the dependencies of your project to a known state",
        "Read more about it at http://getcomposer.org/doc/01-basic-usage.md#composer-lock-the-lock-file",
        "This file is @generated automatically"
    ],
    "hash": "b527a186d18feee4001c0e787155d652",
    "packages": [
        {
            "name": "geoffroy-aubry/errorhandler",
            "version": "v1.2.0",
            "source": {
                "type": "git",
                "url": "https://github.com/geoffroy-aubry/ErrorHandler.git",
                "reference": "b20cb00abef80b331d19b6e5392770bb5867b388"
            },
            "dist": {
                "type": "zip",
                "url": "https://api.github.com/repos/geoffroy-aubry/ErrorHandler/zipball/b20cb00abef80b331d19b6e5392770bb5867b388",
                "reference": "b20cb00abef80b331d19b6e5392770bb5867b388",
                "shasum": ""
            },
            "require": {
                "geoffroy-aubry/helpers": "1.*",
                "php": ">=5.3.3"
            },
            "require-dev": {
                "apigen/apigen": "~2.8",
                "phpmd/phpmd": "2.*",
                "phpunit/phpunit": "3.7.*",
                "satooshi/php-coveralls": "dev-master",
                "sebastian/phpcpd": "*",
                "squizlabs/php_codesniffer": "~1.0"
            },
            "type": "library",
            "autoload": {
                "psr-0": {
                    "GAubry\\ErrorHandler": "src/"
                }
            },
            "notification-url": "https://packagist.org/downloads/",
            "license": [
                "LGPL-3.0+"
            ],
            "authors": [
                {
                    "name": "Geoffroy Aubry",
                    "email": "geoffroy.aubry@free.fr"
                }
            ],
            "description": "Error and exception handler",
            "keywords": [
                "error handler",
                "exception handler"
            ],
            "time": "2014-07-01 15:33:20"
        },
        {
            "name": "geoffroy-aubry/helpers",
            "version": "v1.3.2",
            "source": {
                "type": "git",
                "url": "https://github.com/geoffroy-aubry/Helpers.git",
                "reference": "aa654c821aed96ec37f96ea0ecd6fa726cab72b0"
            },
            "dist": {
                "type": "zip",
                "url": "https://api.github.com/repos/geoffroy-aubry/Helpers/zipball/aa654c821aed96ec37f96ea0ecd6fa726cab72b0",
                "reference": "aa654c821aed96ec37f96ea0ecd6fa726cab72b0",
                "shasum": ""
            },
            "require": {
                "php": ">=5.3.3"
            },
            "require-dev": {
                "apigen/apigen": "2.8.0",
                "phpmd/phpmd": "1.4.*",
                "phpunit/phpunit": ">=3.7",
                "satooshi/php-coveralls": "dev-master",
                "squizlabs/php_codesniffer": "1.4.*"
            },
            "type": "library",
            "autoload": {
                "psr-0": {
                    "GAubry\\Helpers": "src/"
                }
            },
            "notification-url": "https://packagist.org/downloads/",
            "license": [
                "LGPL-3.0+"
            ],
            "authors": [
                {
                    "name": "Geoffroy Aubry",
                    "email": "geoffroy.aubry@free.fr"
                }
            ],
            "description": "Some helpers used in several personal packages and a Debug class useful for don't forgetting where debug traces are.",
            "keywords": [
                "debug",
                "helpers",
                "tools"
            ],
            "time": "2013-11-09 18:17:42"
        },
        {
            "name": "geoffroy-aubry/logger",
            "version": "v1.1.2",
            "source": {
                "type": "git",
                "url": "https://github.com/geoffroy-aubry/Logger.git",
                "reference": "c4bdba86091ab414f523a1e33a0f85cd1541635a"
            },
            "dist": {
                "type": "zip",
                "url": "https://api.github.com/repos/geoffroy-aubry/Logger/zipball/c4bdba86091ab414f523a1e33a0f85cd1541635a",
                "reference": "c4bdba86091ab414f523a1e33a0f85cd1541635a",
                "shasum": ""
            },
            "require": {
                "geoffroy-aubry/helpers": "1.*",
                "php": ">=5.3.3",
                "psr/log": "1.0.0"
            },
            "require-dev": {
                "apigen/apigen": "2.8.0",
                "phpmd/phpmd": "1.4.*",
                "phpunit/phpunit": ">=3.7",
                "satooshi/php-coveralls": "dev-master",
                "squizlabs/php_codesniffer": "1.4.*"
            },
            "type": "library",
            "autoload": {
                "psr-0": {
                    "GAubry\\Logger": "src/"
                }
            },
            "notification-url": "https://packagist.org/downloads/",
            "license": [
                "LGPL-3.0+"
            ],
            "authors": [
                {
                    "name": "Geoffroy Aubry",
                    "email": "geoffroy.aubry@free.fr"
                }
            ],
            "description": "PSR-3 logger for adding colors and indentation on PHP CLI output.",
            "keywords": [
                "bash color logging",
                "color logging",
                "indent logging",
                "logger",
                "psr-3"
            ],
            "time": "2013-07-03 09:20:17"
        },
        {
            "name": "psr/log",
            "version": "1.0.0",
            "source": {
                "type": "git",
                "url": "https://github.com/php-fig/log.git",
                "reference": "fe0936ee26643249e916849d48e3a51d5f5e278b"
            },
            "dist": {
                "type": "zip",
                "url": "https://api.github.com/repos/php-fig/log/zipball/fe0936ee26643249e916849d48e3a51d5f5e278b",
                "reference": "fe0936ee26643249e916849d48e3a51d5f5e278b",
                "shasum": ""
            },
            "type": "library",
            "autoload": {
                "psr-0": {
                    "Psr\\Log\\": ""
                }
            },
            "notification-url": "https://packagist.org/downloads/",
            "license": [
                "MIT"
            ],
            "authors": [
                {
                    "name": "PHP-FIG",
                    "homepage": "http://www.php-fig.org/"
                }
            ],
            "description": "Common interface for logging libraries",
            "keywords": [
                "log",
                "psr",
                "psr-3"
            ],
            "time": "2012-12-21 11:40:51"
        },
        {
            "name": "ulrichsg/getopt-php",
            "version": "dev-master",
            "source": {
                "type": "git",
                "url": "https://github.com/ulrichsg/getopt-php.git",
                "reference": "eb8f1dc721423bfcf5fd7c5b8b32d1e895826dbb"
            },
            "dist": {
                "type": "zip",
                "url": "https://api.github.com/repos/ulrichsg/getopt-php/zipball/eb8f1dc721423bfcf5fd7c5b8b32d1e895826dbb",
                "reference": "eb8f1dc721423bfcf5fd7c5b8b32d1e895826dbb",
                "shasum": ""
            },
            "require": {
                "php": ">=5.3.0"
            },
            "require-dev": {
                "phpunit/phpunit": "3.7.*"
            },
            "type": "library",
            "autoload": {
                "psr-0": {
                    "Ulrichsg\\": "src"
                }
            },
            "notification-url": "https://packagist.org/downloads/",
            "license": [
                "MIT"
            ],
            "authors": [
                {
                    "name": "Ulrich Schmidt-Goertz",
                    "email": "ulrich@schmidt-goertz.de"
                }
            ],
            "description": "Command line arguments parser for PHP 5.3",
            "homepage": "http://ulrichsg.github.io/getopt-php",
            "time": "2014-09-13 14:57:57"
        },
        {
            "name": "videlalvaro/php-amqplib",
            "version": "v2.4.1",
            "source": {
                "type": "git",
                "url": "https://github.com/videlalvaro/php-amqplib.git",
                "reference": "58044157b30853a1a425e26e9ff9895247668ac3"
            },
            "dist": {
                "type": "zip",
                "url": "https://api.github.com/repos/videlalvaro/php-amqplib/zipball/58044157b30853a1a425e26e9ff9895247668ac3",
                "reference": "58044157b30853a1a425e26e9ff9895247668ac3",
                "shasum": ""
            },
            "require": {
                "ext-bcmath": "*",
                "php": ">=5.3.0"
            },
            "require-dev": {
                "phpunit/phpunit": "3.7.*"
            },
            "suggest": {
                "ext-sockets": "Use AMQPSocketConnection"
            },
            "type": "library",
            "extra": {
                "branch-alias": {
                    "dev-master": "2.4-dev"
                }
            },
            "autoload": {
                "psr-0": {
                    "PhpAmqpLib": ""
                }
            },
            "notification-url": "https://packagist.org/downloads/",
            "license": [
                "LGPL-2.1"
            ],
            "authors": [
                {
                    "name": "Alvaro Videla"
                }
            ],
            "description": "This library is a pure PHP implementation of the AMQP protocol. It's been tested against RabbitMQ.",
            "homepage": "https://github.com/videlalvaro/php-amqplib/",
            "keywords": [
                "message",
                "queue",
                "rabbitmq"
            ],
            "time": "2014-10-06 11:00:55"
        }
    ],
    "packages-dev": [],
    "aliases": [],
    "minimum-stability": "stable",
    "stability-flags": {
        "ulrichsg/getopt-php": 20
    },
    "prefer-stable": false,
    "platform": {
        "php": ">=5.3.3"
    },
    "platform-dev": []
}
